
Microsoft Visual Studio Solution File, Format Version 12.00
Project("{2150E333-8FDC-42A3-9474-1A3956D46DE8}") = "Application", "Application", "{3FD54C01-BCD3-4A92-A67D-750C1A9113EF}"
EndProject
Project("{2150E333-8FDC-42A3-9474-1A3956D46DE8}") = "Domain", "Domain", "{473CBFEE-48BA-4BAF-82B3-FDF89226C900}"
EndProject
Project("{2150E333-8FDC-42A3-9474-1A3956D46DE8}") = "Tests", "Tests", "{52178A7D-8FDC-499F-975C-824E521392FC}"
EndProject
Project("{FAE04EC0-301F-11D3-BF4B-00C04F79EFBC}") = "RestAPI", "RestAPI\RestAPI.csproj", "{07D827F5-70A3-49A0-B182-F8908B12A10A}"
EndProject
Project("{FAE04EC0-301F-11D3-BF4B-00C04F79EFBC}") = "Domain", "Domain\Domain.csproj", "{45AF7BAF-F7FB-44F3-BF69-6EFFF264C8A0}"
EndProject
Project("{2150E333-8FDC-42A3-9474-1A3956D46DE8}") = "Persistence", "Persistence", "{4E8E4DDC-1562-4635-902D-2E4CDEB71E6A}"
EndProject
Project("{FAE04EC0-301F-11D3-BF4B-00C04F79EFBC}") = "Persistence", "Persistence\Persistence.csproj", "{4714D155-26F4-4C81-A73A-6AA21D0D9DFF}"
EndProject
Project("{2150E333-8FDC-42A3-9474-1A3956D46DE8}") = "Infrastructure", "Infrastructure", "{F322B86D-8771-4B29-9E80-D4CA0865C88F}"
EndProject
Project("{FAE04EC0-301F-11D3-BF4B-00C04F79EFBC}") = "Infrastructure", "Infrastructure\Infrastructure.csproj", "{D6D861C1-AA05-4B8E-9D40-5E7325E7EEA2}"
EndProject
Project("{FAE04EC0-301F-11D3-BF4B-00C04F79EFBC}") = "Persistence.UnitTests", "Persistence.UnitTests\Persistence.UnitTests.csproj", "{14DCF018-5DDA-43B5-9CD4-28180A7AFF4F}"
EndProject
Project("{FAE04EC0-301F-11D3-BF4B-00C04F79EFBC}") = "Infrastructure.UnitTests", "Infrastructure.UnitTests\Infrastructure.UnitTests.csproj", "{63952DCB-7204-4BE1-B3AE-0F87C463CE6F}"
EndProject
Project("{FAE04EC0-301F-11D3-BF4B-00C04F79EFBC}") = "RestAPI.UnitTests", "RestAPI.UnitTests\RestAPI.UnitTests.csproj", "{340A7038-B525-4259-988B-574B2D00DE24}"
EndProject
Project("{FAE04EC0-301F-11D3-BF4B-00C04F79EFBC}") = "RestAPI.IntegrationTests", "RestAPI.IntegrationTests\RestAPI.IntegrationTests.csproj", "{DF18F390-A495-4693-935B-69A110E70840}"
EndProject
Global
	GlobalSection(SolutionConfigurationPlatforms) = preSolution
		Debug|Any CPU = Debug|Any CPU
		Release|Any CPU = Release|Any CPU
	EndGlobalSection
	GlobalSection(NestedProjects) = preSolution
		{07D827F5-70A3-49A0-B182-F8908B12A10A} = {3FD54C01-BCD3-4A92-A67D-750C1A9113EF}
		{45AF7BAF-F7FB-44F3-BF69-6EFFF264C8A0} = {473CBFEE-48BA-4BAF-82B3-FDF89226C900}
		{4714D155-26F4-4C81-A73A-6AA21D0D9DFF} = {4E8E4DDC-1562-4635-902D-2E4CDEB71E6A}
		{D6D861C1-AA05-4B8E-9D40-5E7325E7EEA2} = {F322B86D-8771-4B29-9E80-D4CA0865C88F}
		{14DCF018-5DDA-43B5-9CD4-28180A7AFF4F} = {52178A7D-8FDC-499F-975C-824E521392FC}
		{63952DCB-7204-4BE1-B3AE-0F87C463CE6F} = {52178A7D-8FDC-499F-975C-824E521392FC}
		{340A7038-B525-4259-988B-574B2D00DE24} = {52178A7D-8FDC-499F-975C-824E521392FC}
		{DF18F390-A495-4693-935B-69A110E70840} = {52178A7D-8FDC-499F-975C-824E521392FC}
	EndGlobalSection
	GlobalSection(ProjectConfigurationPlatforms) = postSolution
		{07D827F5-70A3-49A0-B182-F8908B12A10A}.Debug|Any CPU.ActiveCfg = Debug|Any CPU
		{07D827F5-70A3-49A0-B182-F8908B12A10A}.Debug|Any CPU.Build.0 = Debug|Any CPU
		{07D827F5-70A3-49A0-B182-F8908B12A10A}.Release|Any CPU.ActiveCfg = Release|Any CPU
		{07D827F5-70A3-49A0-B182-F8908B12A10A}.Release|Any CPU.Build.0 = Release|Any CPU
		{45AF7BAF-F7FB-44F3-BF69-6EFFF264C8A0}.Debug|Any CPU.ActiveCfg = Debug|Any CPU
		{45AF7BAF-F7FB-44F3-BF69-6EFFF264C8A0}.Debug|Any CPU.Build.0 = Debug|Any CPU
		{45AF7BAF-F7FB-44F3-BF69-6EFFF264C8A0}.Release|Any CPU.ActiveCfg = Release|Any CPU
		{45AF7BAF-F7FB-44F3-BF69-6EFFF264C8A0}.Release|Any CPU.Build.0 = Release|Any CPU
		{4714D155-26F4-4C81-A73A-6AA21D0D9DFF}.Debug|Any CPU.ActiveCfg = Debug|Any CPU
		{4714D155-26F4-4C81-A73A-6AA21D0D9DFF}.Debug|Any CPU.Build.0 = Debug|Any CPU
		{4714D155-26F4-4C81-A73A-6AA21D0D9DFF}.Release|Any CPU.ActiveCfg = Release|Any CPU
		{4714D155-26F4-4C81-A73A-6AA21D0D9DFF}.Release|Any CPU.Build.0 = Release|Any CPU
		{D6D861C1-AA05-4B8E-9D40-5E7325E7EEA2}.Debug|Any CPU.ActiveCfg = Debug|Any CPU
		{D6D861C1-AA05-4B8E-9D40-5E7325E7EEA2}.Debug|Any CPU.Build.0 = Debug|Any CPU
		{D6D861C1-AA05-4B8E-9D40-5E7325E7EEA2}.Release|Any CPU.ActiveCfg = Release|Any CPU
		{D6D861C1-AA05-4B8E-9D40-5E7325E7EEA2}.Release|Any CPU.Build.0 = Release|Any CPU
		{14DCF018-5DDA-43B5-9CD4-28180A7AFF4F}.Debug|Any CPU.ActiveCfg = Debug|Any CPU
		{14DCF018-5DDA-43B5-9CD4-28180A7AFF4F}.Debug|Any CPU.Build.0 = Debug|Any CPU
		{14DCF018-5DDA-43B5-9CD4-28180A7AFF4F}.Release|Any CPU.ActiveCfg = Release|Any CPU
		{14DCF018-5DDA-43B5-9CD4-28180A7AFF4F}.Release|Any CPU.Build.0 = Release|Any CPU
		{63952DCB-7204-4BE1-B3AE-0F87C463CE6F}.Debug|Any CPU.ActiveCfg = Debug|Any CPU
		{63952DCB-7204-4BE1-B3AE-0F87C463CE6F}.Debug|Any CPU.Build.0 = Debug|Any CPU
		{63952DCB-7204-4BE1-B3AE-0F87C463CE6F}.Release|Any CPU.ActiveCfg = Release|Any CPU
		{63952DCB-7204-4BE1-B3AE-0F87C463CE6F}.Release|Any CPU.Build.0 = Release|Any CPU
		{340A7038-B525-4259-988B-574B2D00DE24}.Debug|Any CPU.ActiveCfg = Debug|Any CPU
		{340A7038-B525-4259-988B-574B2D00DE24}.Debug|Any CPU.Build.0 = Debug|Any CPU
		{340A7038-B525-4259-988B-574B2D00DE24}.Release|Any CPU.ActiveCfg = Release|Any CPU
		{340A7038-B525-4259-988B-574B2D00DE24}.Release|Any CPU.Build.0 = Release|Any CPU
		{DF18F390-A495-4693-935B-69A110E70840}.Debug|Any CPU.ActiveCfg = Debug|Any CPU
		{DF18F390-A495-4693-935B-69A110E70840}.Debug|Any CPU.Build.0 = Debug|Any CPU
		{DF18F390-A495-4693-935B-69A110E70840}.Release|Any CPU.ActiveCfg = Release|Any CPU
		{DF18F390-A495-4693-935B-69A110E70840}.Release|Any CPU.Build.0 = Release|Any CPU
	EndGlobalSection
EndGlobal
